
Microsoft Visual Studio Solution File, Format Version 12.00
# Visual Studio 14
VisualStudioVersion = 14.0.25420.1
MinimumVisualStudioVersion = 10.0.40219.1
Project("{FAE04EC0-301F-11D3-BF4B-00C04F79EFBC}") = "20_MVC_Assignment_1_DOTNET", "20_MVC_Assignment_1_DOTNET\20_MVC_Assignment_1_DOTNET.csproj", "{C7607D7F-FE66-4A6E-A971-0F44AC869911}"
EndProject
Project("{FAE04EC0-301F-11D3-BF4B-00C04F79EFBC}") = "20_MVC_Assignment_1_DOTNET.BL", "20_MVC_Assignment_1_DOTNET.BL\20_MVC_Assignment_1_DOTNET.BL.csproj", "{DC856AC1-BB57-4F67-9441-061D552CE534}"
EndProject
Project("{FAE04EC0-301F-11D3-BF4B-00C04F79EFBC}") = "20_MVC_Assignment_1_DOTNET.DAL", "20_MVC_Assignment_1_DOTNET.DAL\20_MVC_Assignment_1_DOTNET.DAL.csproj", "{7BED3C22-1DF1-4B65-9946-85ACE8CFA4EA}"
EndProject
Global
	GlobalSection(SolutionConfigurationPlatforms) = preSolution
		Debug|Any CPU = Debug|Any CPU
		Release|Any CPU = Release|Any CPU
	EndGlobalSection
	GlobalSection(ProjectConfigurationPlatforms) = postSolution
		{C7607D7F-FE66-4A6E-A971-0F44AC869911}.Debug|Any CPU.ActiveCfg = Debug|Any CPU
		{C7607D7F-FE66-4A6E-A971-0F44AC869911}.Debug|Any CPU.Build.0 = Debug|Any CPU
		{C7607D7F-FE66-4A6E-A971-0F44AC869911}.Release|Any CPU.ActiveCfg = Release|Any CPU
		{C7607D7F-FE66-4A6E-A971-0F44AC869911}.Release|Any CPU.Build.0 = Release|Any CPU
		{DC856AC1-BB57-4F67-9441-061D552CE534}.Debug|Any CPU.ActiveCfg = Debug|Any CPU
		{DC856AC1-BB57-4F67-9441-061D552CE534}.Debug|Any CPU.Build.0 = Debug|Any CPU
		{DC856AC1-BB57-4F67-9441-061D552CE534}.Release|Any CPU.ActiveCfg = Release|Any CPU
		{DC856AC1-BB57-4F67-9441-061D552CE534}.Release|Any CPU.Build.0 = Release|Any CPU
		{7BED3C22-1DF1-4B65-9946-85ACE8CFA4EA}.Debug|Any CPU.ActiveCfg = Debug|Any CPU
		{7BED3C22-1DF1-4B65-9946-85ACE8CFA4EA}.Debug|Any CPU.Build.0 = Debug|Any CPU
		{7BED3C22-1DF1-4B65-9946-85ACE8CFA4EA}.Release|Any CPU.ActiveCfg = Release|Any CPU
		{7BED3C22-1DF1-4B65-9946-85ACE8CFA4EA}.Release|Any CPU.Build.0 = Release|Any CPU
	EndGlobalSection
	GlobalSection(SolutionProperties) = preSolution
		HideSolutionNode = FALSE
	EndGlobalSection
EndGlobal
